
Microsoft Visual Studio Solution File, Format Version 12.00
# Visual Studio Version 17
VisualStudioVersion = 17.1.32328.378
MinimumVisualStudioVersion = 10.0.40219.1
Project("{9A19103F-16F7-4668-BE54-9A1E7A4F7556}") = "Framework", "src\Framework\Framework.csproj", "{4692333A-11FA-47F7-9DC7-CC388CB2DC07}"
EndProject
Project("{9A19103F-16F7-4668-BE54-9A1E7A4F7556}") = "CommandLine", "src\CommandLine\CommandLine.csproj", "{9D4116A0-95D0-4CAA-9BD7-E273E649EC82}"
EndProject
Project("{9A19103F-16F7-4668-BE54-9A1E7A4F7556}") = "SiteViewer", "src\SiteViewer\SiteViewer.csproj", "{C3379CFC-1A5A-4E86-9A27-D7A01E75CE9E}"
EndProject
Project("{9A19103F-16F7-4668-BE54-9A1E7A4F7556}") = "PageDesigner", "src\PageDesigner\PageDesigner.csproj", "{82AA01CD-2FAF-474B-87F8-4AAFC8A17217}"
EndProject
Global
	GlobalSection(SolutionConfigurationPlatforms) = preSolution
		Debug|Any CPU = Debug|Any CPU
		Debug|x64 = Debug|x64
		Debug|x86 = Debug|x86
		Release|Any CPU = Release|Any CPU
		Release|x64 = Release|x64
		Release|x86 = Release|x86
	EndGlobalSection
	GlobalSection(ProjectConfigurationPlatforms) = postSolution
		{4692333A-11FA-47F7-9DC7-CC388CB2DC07}.Debug|Any CPU.ActiveCfg = Debug|Any CPU
		{4692333A-11FA-47F7-9DC7-CC388CB2DC07}.Debug|Any CPU.Build.0 = Debug|Any CPU
		{4692333A-11FA-47F7-9DC7-CC388CB2DC07}.Debug|x64.ActiveCfg = Debug|Any CPU
		{4692333A-11FA-47F7-9DC7-CC388CB2DC07}.Debug|x64.Build.0 = Debug|Any CPU
		{4692333A-11FA-47F7-9DC7-CC388CB2DC07}.Debug|x86.ActiveCfg = Debug|Any CPU
		{4692333A-11FA-47F7-9DC7-CC388CB2DC07}.Debug|x86.Build.0 = Debug|Any CPU
		{4692333A-11FA-47F7-9DC7-CC388CB2DC07}.Release|Any CPU.ActiveCfg = Release|Any CPU
		{4692333A-11FA-47F7-9DC7-CC388CB2DC07}.Release|Any CPU.Build.0 = Release|Any CPU
		{4692333A-11FA-47F7-9DC7-CC388CB2DC07}.Release|x64.ActiveCfg = Release|Any CPU
		{4692333A-11FA-47F7-9DC7-CC388CB2DC07}.Release|x64.Build.0 = Release|Any CPU
		{4692333A-11FA-47F7-9DC7-CC388CB2DC07}.Release|x86.ActiveCfg = Release|Any CPU
		{4692333A-11FA-47F7-9DC7-CC388CB2DC07}.Release|x86.Build.0 = Release|Any CPU
		{9D4116A0-95D0-4CAA-9BD7-E273E649EC82}.Debug|Any CPU.ActiveCfg = Debug|Any CPU
		{9D4116A0-95D0-4CAA-9BD7-E273E649EC82}.Debug|Any CPU.Build.0 = Debug|Any CPU
		{9D4116A0-95D0-4CAA-9BD7-E273E649EC82}.Debug|x64.ActiveCfg = Debug|Any CPU
		{9D4116A0-95D0-4CAA-9BD7-E273E649EC82}.Debug|x64.Build.0 = Debug|Any CPU
		{9D4116A0-95D0-4CAA-9BD7-E273E649EC82}.Debug|x86.ActiveCfg = Debug|Any CPU
		{9D4116A0-95D0-4CAA-9BD7-E273E649EC82}.Debug|x86.Build.0 = Debug|Any CPU
		{9D4116A0-95D0-4CAA-9BD7-E273E649EC82}.Release|Any CPU.ActiveCfg = Release|Any CPU
		{9D4116A0-95D0-4CAA-9BD7-E273E649EC82}.Release|Any CPU.Build.0 = Release|Any CPU
		{9D4116A0-95D0-4CAA-9BD7-E273E649EC82}.Release|x64.ActiveCfg = Release|Any CPU
		{9D4116A0-95D0-4CAA-9BD7-E273E649EC82}.Release|x64.Build.0 = Release|Any CPU
		{9D4116A0-95D0-4CAA-9BD7-E273E649EC82}.Release|x86.ActiveCfg = Release|Any CPU
		{9D4116A0-95D0-4CAA-9BD7-E273E649EC82}.Release|x86.Build.0 = Release|Any CPU
		{C3379CFC-1A5A-4E86-9A27-D7A01E75CE9E}.Debug|Any CPU.ActiveCfg = Debug|Any CPU
		{C3379CFC-1A5A-4E86-9A27-D7A01E75CE9E}.Debug|Any CPU.Build.0 = Debug|Any CPU
		{C3379CFC-1A5A-4E86-9A27-D7A01E75CE9E}.Debug|x64.ActiveCfg = Debug|x64
		{C3379CFC-1A5A-4E86-9A27-D7A01E75CE9E}.Debug|x64.Build.0 = Debug|x64
		{C3379CFC-1A5A-4E86-9A27-D7A01E75CE9E}.Debug|x86.ActiveCfg = Debug|x86
		{C3379CFC-1A5A-4E86-9A27-D7A01E75CE9E}.Debug|x86.Build.0 = Debug|x86
		{C3379CFC-1A5A-4E86-9A27-D7A01E75CE9E}.Release|Any CPU.ActiveCfg = Release|Any CPU
		{C3379CFC-1A5A-4E86-9A27-D7A01E75CE9E}.Release|Any CPU.Build.0 = Release|Any CPU
		{C3379CFC-1A5A-4E86-9A27-D7A01E75CE9E}.Release|x64.ActiveCfg = Release|x64
		{C3379CFC-1A5A-4E86-9A27-D7A01E75CE9E}.Release|x64.Build.0 = Release|x64
		{C3379CFC-1A5A-4E86-9A27-D7A01E75CE9E}.Release|x86.ActiveCfg = Release|x86
		{C3379CFC-1A5A-4E86-9A27-D7A01E75CE9E}.Release|x86.Build.0 = Release|x86
		{82AA01CD-2FAF-474B-87F8-4AAFC8A17217}.Debug|Any CPU.ActiveCfg = Debug|x64
		{82AA01CD-2FAF-474B-87F8-4AAFC8A17217}.Debug|Any CPU.Build.0 = Debug|x64
		{82AA01CD-2FAF-474B-87F8-4AAFC8A17217}.Debug|x64.ActiveCfg = Debug|x64
		{82AA01CD-2FAF-474B-87F8-4AAFC8A17217}.Debug|x64.Build.0 = Debug|x64
		{82AA01CD-2FAF-474B-87F8-4AAFC8A17217}.Debug|x86.ActiveCfg = Debug|x64
		{82AA01CD-2FAF-474B-87F8-4AAFC8A17217}.Debug|x86.Build.0 = Debug|x64
		{82AA01CD-2FAF-474B-87F8-4AAFC8A17217}.Release|Any CPU.ActiveCfg = Release|x64
		{82AA01CD-2FAF-474B-87F8-4AAFC8A17217}.Release|Any CPU.Build.0 = Release|x64
		{82AA01CD-2FAF-474B-87F8-4AAFC8A17217}.Release|x64.ActiveCfg = Release|x64
		{82AA01CD-2FAF-474B-87F8-4AAFC8A17217}.Release|x64.Build.0 = Release|x64
		{82AA01CD-2FAF-474B-87F8-4AAFC8A17217}.Release|x86.ActiveCfg = Release|x64
		{82AA01CD-2FAF-474B-87F8-4AAFC8A17217}.Release|x86.Build.0 = Release|x64
	EndGlobalSection
	GlobalSection(SolutionProperties) = preSolution
		HideSolutionNode = FALSE
	EndGlobalSection
	GlobalSection(ExtensibilityGlobals) = postSolution
		SolutionGuid = {8F35B1FD-2614-46CF-8F03-1C934081EB20}
	EndGlobalSection
EndGlobal
